// !$*UTF8*$!
{
	archiveVersion = 1;
	classes = {
	};
	objectVersion = 50;
	objects = {

/* Begin PBXBuildFile section */
		32037AD57402FA6DF5A1C681 /* libPods-WHXMLDemo.a in Frameworks */ = {isa = PBXBuildFile; fileRef = ADB4C4EDEBE62B692869CE67 /* libPods-WHXMLDemo.a */; };
		393A874780A6993E09CFCADF /* libPods-WHXMLDemoTests.a in Frameworks */ = {isa = PBXBuildFile; fileRef = 5C7FF19950814D089EE04A2A /* libPods-WHXMLDemoTests.a */; };
		540C243F8437615449EDE206 /* libPods-WHXMLDemoUITests.a in Frameworks */ = {isa = PBXBuildFile; fileRef = A23AA3E8004450CD45F4783C /* libPods-WHXMLDemoUITests.a */; };
		DA2DC9A622363B4600E35D75 /* test.html in Resources */ = {isa = PBXBuildFile; fileRef = DA2DC9A522363B4600E35D75 /* test.html */; };
		DA3D3032223206320048F82E /* AppDelegate.m in Sources */ = {isa = PBXBuildFile; fileRef = DA3D3031223206320048F82E /* AppDelegate.m */; };
		DA3D3035223206320048F82E /* ViewController.m in Sources */ = {isa = PBXBuildFile; fileRef = DA3D3034223206320048F82E /* ViewController.m */; };
		DA3D3038223206320048F82E /* Main.storyboard in Resources */ = {isa = PBXBuildFile; fileRef = DA3D3036223206320048F82E /* Main.storyboard */; };
		DA3D303A223206330048F82E /* Assets.xcassets in Resources */ = {isa = PBXBuildFile; fileRef = DA3D3039223206330048F82E /* Assets.xcassets */; };
		DA3D303D223206330048F82E /* LaunchScreen.storyboard in Resources */ = {isa = PBXBuildFile; fileRef = DA3D303B223206330048F82E /* LaunchScreen.storyboard */; };
		DA3D3040223206330048F82E /* main.m in Sources */ = {isa = PBXBuildFile; fileRef = DA3D303F223206330048F82E /* main.m */; };
		DA3D304A223206330048F82E /* WHXMLDemoTests.m in Sources */ = {isa = PBXBuildFile; fileRef = DA3D3049223206330048F82E /* WHXMLDemoTests.m */; };
		DA3D3055223206340048F82E /* WHXMLDemoUITests.m in Sources */ = {isa = PBXBuildFile; fileRef = DA3D3054223206340048F82E /* WHXMLDemoUITests.m */; };
		DA3D3065223211390048F82E /* WHQuestionnaireViewController.m in Sources */ = {isa = PBXBuildFile; fileRef = DA3D3064223211390048F82E /* WHQuestionnaireViewController.m */; };
		DA3D3068223212A20048F82E /* q.xml in Resources */ = {isa = PBXBuildFile; fileRef = DA3D3067223212A20048F82E /* q.xml */; };
/* End PBXBuildFile section */

/* Begin PBXContainerItemProxy section */
		DA3D3046223206330048F82E /* PBXContainerItemProxy */ = {
			isa = PBXContainerItemProxy;
			containerPortal = DA3D3025223206320048F82E /* Project object */;
			proxyType = 1;
			remoteGlobalIDString = DA3D302C223206320048F82E;
			remoteInfo = WHXMLDemo;
		};
		DA3D3051223206340048F82E /* PBXContainerItemProxy */ = {
			isa = PBXContainerItemProxy;
			containerPortal = DA3D3025223206320048F82E /* Project object */;
			proxyType = 1;
			remoteGlobalIDString = DA3D302C223206320048F82E;
			remoteInfo = WHXMLDemo;
		};
/* End PBXContainerItemProxy section */

/* Begin PBXFileReference section */
		4287A604E0D55DCAE52B23B6 /* Pods-WHXMLDemo.release.xcconfig */ = {isa = PBXFileReference; includeInIndex = 1; lastKnownFileType = text.xcconfig; name = "Pods-WHXMLDemo.release.xcconfig"; path = "Target Support Files/Pods-WHXMLDemo/Pods-WHXMLDemo.release.xcconfig"; sourceTree = "<group>"; };
		50761BAABA9006165FFD51B1 /* Pods-WHXMLDemoUITests.debug.xcconfig */ = {isa = PBXFileReference; includeInIndex = 1; lastKnownFileType = text.xcconfig; name = "Pods-WHXMLDemoUITests.debug.xcconfig"; path = "Target Support Files/Pods-WHXMLDemoUITests/Pods-WHXMLDemoUITests.debug.xcconfig"; sourceTree = "<group>"; };
		5C7FF19950814D089EE04A2A /* libPods-WHXMLDemoTests.a */ = {isa = PBXFileReference; explicitFileType = archive.ar; includeInIndex = 0; path = "libPods-WHXMLDemoTests.a"; sourceTree = BUILT_PRODUCTS_DIR; };
		93D58299D4C134D96014A562 /* Pods-WHXMLDemoTests.debug.xcconfig */ = {isa = PBXFileReference; includeInIndex = 1; lastKnownFileType = text.xcconfig; name = "Pods-WHXMLDemoTests.debug.xcconfig"; path = "Target Support Files/Pods-WHXMLDemoTests/Pods-WHXMLDemoTests.debug.xcconfig"; sourceTree = "<group>"; };
		A23AA3E8004450CD45F4783C /* libPods-WHXMLDemoUITests.a */ = {isa = PBXFileReference; explicitFileType = archive.ar; includeInIndex = 0; path = "libPods-WHXMLDemoUITests.a"; sourceTree = BUILT_PRODUCTS_DIR; };
		A9516F502F7752899AB86197 /* Pods-WHXMLDemoUITests.release.xcconfig */ = {isa = PBXFileReference; includeInIndex = 1; lastKnownFileType = text.xcconfig; name = "Pods-WHXMLDemoUITests.release.xcconfig"; path = "Target Support Files/Pods-WHXMLDemoUITests/Pods-WHXMLDemoUITests.release.xcconfig"; sourceTree = "<group>"; };
		ADB4C4EDEBE62B692869CE67 /* libPods-WHXMLDemo.a */ = {isa = PBXFileReference; explicitFileType = archive.ar; includeInIndex = 0; path = "libPods-WHXMLDemo.a"; sourceTree = BUILT_PRODUCTS_DIR; };
		B775516FFB94E2FDDBFF746E /* Pods-WHXMLDemoTests.release.xcconfig */ = {isa = PBXFileReference; includeInIndex = 1; lastKnownFileType = text.xcconfig; name = "Pods-WHXMLDemoTests.release.xcconfig"; path = "Target Support Files/Pods-WHXMLDemoTests/Pods-WHXMLDemoTests.release.xcconfig"; sourceTree = "<group>"; };
		C5A377D57970A4B209FF74BD /* Pods-WHXMLDemo.debug.xcconfig */ = {isa = PBXFileReference; includeInIndex = 1; lastKnownFileType = text.xcconfig; name = "Pods-WHXMLDemo.debug.xcconfig"; path = "Target Support Files/Pods-WHXMLDemo/Pods-WHXMLDemo.debug.xcconfig"; sourceTree = "<group>"; };
		DA2DC9A522363B4600E35D75 /* test.html */ = {isa = PBXFileReference; fileEncoding = 4; lastKnownFileType = text.html; path = test.html; sourceTree = "<group>"; };
		DA3D302D223206320048F82E /* WHXMLDemo.app */ = {isa = PBXFileReference; explicitFileType = wrapper.application; includeInIndex = 0; path = WHXMLDemo.app; sourceTree = BUILT_PRODUCTS_DIR; };
		DA3D3030223206320048F82E /* AppDelegate.h */ = {isa = PBXFileReference; lastKnownFileType = sourcecode.c.h; path = AppDelegate.h; sourceTree = "<group>"; };
		DA3D3031223206320048F82E /* AppDelegate.m */ = {isa = PBXFileReference; lastKnownFileType = sourcecode.c.objc; path = AppDelegate.m; sourceTree = "<group>"; };
		DA3D3033223206320048F82E /* ViewController.h */ = {isa = PBXFileReference; lastKnownFileType = sourcecode.c.h; path = ViewController.h; sourceTree = "<group>"; };
		DA3D3034223206320048F82E /* ViewController.m */ = {isa = PBXFileReference; lastKnownFileType = sourcecode.c.objc; path = ViewController.m; sourceTree = "<group>"; };
		DA3D3037223206320048F82E /* Base */ = {isa = PBXFileReference; lastKnownFileType = file.storyboard; name = Base; path = Base.lproj/Main.storyboard; sourceTree = "<group>"; };
		DA3D3039223206330048F82E /* Assets.xcassets */ = {isa = PBXFileReference; lastKnownFileType = folder.assetcatalog; path = Assets.xcassets; sourceTree = "<group>"; };
		DA3D303C223206330048F82E /* Base */ = {isa = PBXFileReference; lastKnownFileType = file.storyboard; name = Base; path = Base.lproj/LaunchScreen.storyboard; sourceTree = "<group>"; };
		DA3D303E223206330048F82E /* Info.plist */ = {isa = PBXFileReference; lastKnownFileType = text.plist.xml; path = Info.plist; sourceTree = "<group>"; };
		DA3D303F223206330048F82E /* main.m */ = {isa = PBXFileReference; lastKnownFileType = sourcecode.c.objc; path = main.m; sourceTree = "<group>"; };
		DA3D3045223206330048F82E /* WHXMLDemoTests.xctest */ = {isa = PBXFileReference; explicitFileType = wrapper.cfbundle; includeInIndex = 0; path = WHXMLDemoTests.xctest; sourceTree = BUILT_PRODUCTS_DIR; };
		DA3D3049223206330048F82E /* WHXMLDemoTests.m */ = {isa = PBXFileReference; lastKnownFileType = sourcecode.c.objc; path = WHXMLDemoTests.m; sourceTree = "<group>"; };
		DA3D304B223206330048F82E /* Info.plist */ = {isa = PBXFileReference; lastKnownFileType = text.plist.xml; path = Info.plist; sourceTree = "<group>"; };
		DA3D3050223206340048F82E /* WHXMLDemoUITests.xctest */ = {isa = PBXFileReference; explicitFileType = wrapper.cfbundle; includeInIndex = 0; path = WHXMLDemoUITests.xctest; sourceTree = BUILT_PRODUCTS_DIR; };
		DA3D3054223206340048F82E /* WHXMLDemoUITests.m */ = {isa = PBXFileReference; lastKnownFileType = sourcecode.c.objc; path = WHXMLDemoUITests.m; sourceTree = "<group>"; };
		DA3D3056223206340048F82E /* Info.plist */ = {isa = PBXFileReference; lastKnownFileType = text.plist.xml; path = Info.plist; sourceTree = "<group>"; };
		DA3D3063223211390048F82E /* WHQuestionnaireViewController.h */ = {isa = PBXFileReference; lastKnownFileType = sourcecode.c.h; path = WHQuestionnaireViewController.h; sourceTree = "<group>"; };
		DA3D3064223211390048F82E /* WHQuestionnaireViewController.m */ = {isa = PBXFileReference; lastKnownFileType = sourcecode.c.objc; path = WHQuestionnaireViewController.m; sourceTree = "<group>"; };
		DA3D3067223212A20048F82E /* q.xml */ = {isa = PBXFileReference; fileEncoding = 4; lastKnownFileType = text.xml; path = q.xml; sourceTree = "<group>"; };
/* End PBXFileReference section */

/* Begin PBXFrameworksBuildPhase section */
		DA3D302A223206320048F82E /* Frameworks */ = {
			isa = PBXFrameworksBuildPhase;
			buildActionMask = 2147483647;
			files = (
				32037AD57402FA6DF5A1C681 /* libPods-WHXMLDemo.a in Frameworks */,
			);
			runOnlyForDeploymentPostprocessing = 0;
		};
		DA3D3042223206330048F82E /* Frameworks */ = {
			isa = PBXFrameworksBuildPhase;
			buildActionMask = 2147483647;
			files = (
				393A874780A6993E09CFCADF /* libPods-WHXMLDemoTests.a in Frameworks */,
			);
			runOnlyForDeploymentPostprocessing = 0;
		};
		DA3D304D223206340048F82E /* Frameworks */ = {
			isa = PBXFrameworksBuildPhase;
			buildActionMask = 2147483647;
			files = (
				540C243F8437615449EDE206 /* libPods-WHXMLDemoUITests.a in Frameworks */,
			);
			runOnlyForDeploymentPostprocessing = 0;
		};
/* End PBXFrameworksBuildPhase section */

/* Begin PBXGroup section */
		559D1243E1C84C4324E5EC28 /* Pods */ = {
			isa = PBXGroup;
			children = (
				C5A377D57970A4B209FF74BD /* Pods-WHXMLDemo.debug.xcconfig */,
				4287A604E0D55DCAE52B23B6 /* Pods-WHXMLDemo.release.xcconfig */,
				93D58299D4C134D96014A562 /* Pods-WHXMLDemoTests.debug.xcconfig */,
				B775516FFB94E2FDDBFF746E /* Pods-WHXMLDemoTests.release.xcconfig */,
				50761BAABA9006165FFD51B1 /* Pods-WHXMLDemoUITests.debug.xcconfig */,
				A9516F502F7752899AB86197 /* Pods-WHXMLDemoUITests.release.xcconfig */,
			);
			path = Pods;
			sourceTree = "<group>";
		};
		58AFFDFE90D253A7C5724BD8 /* Frameworks */ = {
			isa = PBXGroup;
			children = (
				ADB4C4EDEBE62B692869CE67 /* libPods-WHXMLDemo.a */,
				5C7FF19950814D089EE04A2A /* libPods-WHXMLDemoTests.a */,
				A23AA3E8004450CD45F4783C /* libPods-WHXMLDemoUITests.a */,
			);
			name = Frameworks;
			sourceTree = "<group>";
		};
		DA3D3024223206320048F82E = {
			isa = PBXGroup;
			children = (
				DA3D302F223206320048F82E /* WHXMLDemo */,
				DA3D3048223206330048F82E /* WHXMLDemoTests */,
				DA3D3053223206340048F82E /* WHXMLDemoUITests */,
				DA3D302E223206320048F82E /* Products */,
				559D1243E1C84C4324E5EC28 /* Pods */,
				58AFFDFE90D253A7C5724BD8 /* Frameworks */,
			);
			sourceTree = "<group>";
		};
		DA3D302E223206320048F82E /* Products */ = {
			isa = PBXGroup;
			children = (
				DA3D302D223206320048F82E /* WHXMLDemo.app */,
				DA3D3045223206330048F82E /* WHXMLDemoTests.xctest */,
				DA3D3050223206340048F82E /* WHXMLDemoUITests.xctest */,
			);
			name = Products;
			sourceTree = "<group>";
		};
		DA3D302F223206320048F82E /* WHXMLDemo */ = {
			isa = PBXGroup;
			children = (
				DA3D3030223206320048F82E /* AppDelegate.h */,
				DA3D3031223206320048F82E /* AppDelegate.m */,
				DA3D306222320C640048F82E /* Questionnaire */,
				DA3D3066223212870048F82E /* Resources */,
				DA3D3036223206320048F82E /* Main.storyboard */,
				DA3D3039223206330048F82E /* Assets.xcassets */,
				DA3D303B223206330048F82E /* LaunchScreen.storyboard */,
				DA3D303E223206330048F82E /* Info.plist */,
				DA3D303F223206330048F82E /* main.m */,
			);
			path = WHXMLDemo;
			sourceTree = "<group>";
		};
		DA3D3048223206330048F82E /* WHXMLDemoTests */ = {
			isa = PBXGroup;
			children = (
				DA3D3049223206330048F82E /* WHXMLDemoTests.m */,
				DA3D304B223206330048F82E /* Info.plist */,
			);
			path = WHXMLDemoTests;
			sourceTree = "<group>";
		};
		DA3D3053223206340048F82E /* WHXMLDemoUITests */ = {
			isa = PBXGroup;
			children = (
				DA3D3054223206340048F82E /* WHXMLDemoUITests.m */,
				DA3D3056223206340048F82E /* Info.plist */,
			);
			path = WHXMLDemoUITests;
			sourceTree = "<group>";
		};
		DA3D306222320C640048F82E /* Questionnaire */ = {
			isa = PBXGroup;
			children = (
				DA3D3033223206320048F82E /* ViewController.h */,
				DA3D3034223206320048F82E /* ViewController.m */,
				DA3D3063223211390048F82E /* WHQuestionnaireViewController.h */,
				DA3D3064223211390048F82E /* WHQuestionnaireViewController.m */,
			);
			path = Questionnaire;
			sourceTree = "<group>";
		};
		DA3D3066223212870048F82E /* Resources */ = {
			isa = PBXGroup;
			children = (
				DA2DC9A522363B4600E35D75 /* test.html */,
				DA3D3067223212A20048F82E /* q.xml */,
			);
			path = Resources;
			sourceTree = "<group>";
		};
/* End PBXGroup section */

/* Begin PBXNativeTarget section */
		DA3D302C223206320048F82E /* WHXMLDemo */ = {
			isa = PBXNativeTarget;
			buildConfigurationList = DA3D3059223206340048F82E /* Build configuration list for PBXNativeTarget "WHXMLDemo" */;
			buildPhases = (
				F137FFBACD4E83F8B105E9C4 /* [CP] Check Pods Manifest.lock */,
				DA3D3029223206320048F82E /* Sources */,
				DA3D302A223206320048F82E /* Frameworks */,
				DA3D302B223206320048F82E /* Resources */,
			);
			buildRules = (
			);
			dependencies = (
			);
			name = WHXMLDemo;
			productName = WHXMLDemo;
			productReference = DA3D302D223206320048F82E /* WHXMLDemo.app */;
			productType = "com.apple.product-type.application";
		};
		DA3D3044223206330048F82E /* WHXMLDemoTests */ = {
			isa = PBXNativeTarget;
			buildConfigurationList = DA3D305C223206340048F82E /* Build configuration list for PBXNativeTarget "WHXMLDemoTests" */;
			buildPhases = (
				2F1C86044AAA0A93CDC790EC /* [CP] Check Pods Manifest.lock */,
				DA3D3041223206330048F82E /* Sources */,
				DA3D3042223206330048F82E /* Frameworks */,
				DA3D3043223206330048F82E /* Resources */,
			);
			buildRules = (
			);
			dependencies = (
				DA3D3047223206330048F82E /* PBXTargetDependency */,
			);
			name = WHXMLDemoTests;
			productName = WHXMLDemoTests;
			productReference = DA3D3045223206330048F82E /* WHXMLDemoTests.xctest */;
			productType = "com.apple.product-type.bundle.unit-test";
		};
		DA3D304F223206340048F82E /* WHXMLDemoUITests */ = {
			isa = PBXNativeTarget;
			buildConfigurationList = DA3D305F223206340048F82E /* Build configuration list for PBXNativeTarget "WHXMLDemoUITests" */;
			buildPhases = (
				4ABC61AC9A1BDBE60885553F /* [CP] Check Pods Manifest.lock */,
				DA3D304C223206340048F82E /* Sources */,
				DA3D304D223206340048F82E /* Frameworks */,
				DA3D304E223206340048F82E /* Resources */,
			);
			buildRules = (
			);
			dependencies = (
				DA3D3052223206340048F82E /* PBXTargetDependency */,
			);
			name = WHXMLDemoUITests;
			productName = WHXMLDemoUITests;
			productReference = DA3D3050223206340048F82E /* WHXMLDemoUITests.xctest */;
			productType = "com.apple.product-type.bundle.ui-testing";
		};
/* End PBXNativeTarget section */

/* Begin PBXProject section */
		DA3D3025223206320048F82E /* Project object */ = {
			isa = PBXProject;
			attributes = {
				CLASSPREFIX = WH;
				LastUpgradeCheck = 1010;
				ORGANIZATIONNAME = zero;
				TargetAttributes = {
					DA3D302C223206320048F82E = {
						CreatedOnToolsVersion = 10.1;
					};
					DA3D3044223206330048F82E = {
						CreatedOnToolsVersion = 10.1;
						TestTargetID = DA3D302C223206320048F82E;
					};
					DA3D304F223206340048F82E = {
						CreatedOnToolsVersion = 10.1;
						TestTargetID = DA3D302C223206320048F82E;
					};
				};
			};
			buildConfigurationList = DA3D3028223206320048F82E /* Build configuration list for PBXProject "WHXMLDemo" */;
			compatibilityVersion = "Xcode 9.3";
			developmentRegion = en;
			hasScannedForEncodings = 0;
			knownRegions = (
				en,
				Base,
			);
			mainGroup = DA3D3024223206320048F82E;
			productRefGroup = DA3D302E223206320048F82E /* Products */;
			projectDirPath = "";
			projectRoot = "";
			targets = (
				DA3D302C223206320048F82E /* WHXMLDemo */,
				DA3D3044223206330048F82E /* WHXMLDemoTests */,
				DA3D304F223206340048F82E /* WHXMLDemoUITests */,
			);
		};
/* End PBXProject section */

/* Begin PBXResourcesBuildPhase section */
		DA3D302B223206320048F82E /* Resources */ = {
			isa = PBXResourcesBuildPhase;
			buildActionMask = 2147483647;
			files = (
				DA3D303D223206330048F82E /* LaunchScreen.storyboard in Resources */,
				DA3D303A223206330048F82E /* Assets.xcassets in Resources */,
				DA3D3068223212A20048F82E /* q.xml in Resources */,
				DA2DC9A622363B4600E35D75 /* test.html in Resources */,
				DA3D3038223206320048F82E /* Main.storyboard in Resources */,
			);
			runOnlyForDeploymentPostprocessing = 0;
		};
		DA3D3043223206330048F82E /* Resources */ = {
			isa = PBXResourcesBuildPhase;
			buildActionMask = 2147483647;
			files = (
			);
			runOnlyForDeploymentPostprocessing = 0;
		};
		DA3D304E223206340048F82E /* Resources */ = {
			isa = PBXResourcesBuildPhase;
			buildActionMask = 2147483647;
			files = (
			);
			runOnlyForDeploymentPostprocessing = 0;
		};
/* End PBXResourcesBuildPhase section */

/* Begin PBXShellScriptBuildPhase section */
		2F1C86044AAA0A93CDC790EC /* [CP] Check Pods Manifest.lock */ = {
			isa = PBXShellScriptBuildPhase;
			buildActionMask = 2147483647;
			files = (
			);
			inputFileListPaths = (
			);
			inputPaths = (
				"${PODS_PODFILE_DIR_PATH}/Podfile.lock",
				"${PODS_ROOT}/Manifest.lock",
			);
			name = "[CP] Check Pods Manifest.lock";
			outputFileListPaths = (
			);
			outputPaths = (
				"$(DERIVED_FILE_DIR)/Pods-WHXMLDemoTests-checkManifestLockResult.txt",
			);
			runOnlyForDeploymentPostprocessing = 0;
			shellPath = /bin/sh;
			shellScript = "diff \"${PODS_PODFILE_DIR_PATH}/Podfile.lock\" \"${PODS_ROOT}/Manifest.lock\" > /dev/null\nif [ $? != 0 ] ; then\n    # print error to STDERR\n    echo \"error: The sandbox is not in sync with the Podfile.lock. Run 'pod install' or update your CocoaPods installation.\" >&2\n    exit 1\nfi\n# This output is used by Xcode 'outputs' to avoid re-running this script phase.\necho \"SUCCESS\" > \"${SCRIPT_OUTPUT_FILE_0}\"\n";
			showEnvVarsInLog = 0;
		};
		4ABC61AC9A1BDBE60885553F /* [CP] Check Pods Manifest.lock */ = {
			isa = PBXShellScriptBuildPhase;
			buildActionMask = 2147483647;
			files = (
			);
			inputFileListPaths = (
			);
			inputPaths = (
				"${PODS_PODFILE_DIR_PATH}/Podfile.lock",
				"${PODS_ROOT}/Manifest.lock",
			);
			name = "[CP] Check Pods Manifest.lock";
			outputFileListPaths = (
			);
			outputPaths = (
				"$(DERIVED_FILE_DIR)/Pods-WHXMLDemoUITests-checkManifestLockResult.txt",
			);
			runOnlyForDeploymentPostprocessing = 0;
			shellPath = /bin/sh;
			shellScript = "diff \"${PODS_PODFILE_DIR_PATH}/Podfile.lock\" \"${PODS_ROOT}/Manifest.lock\" > /dev/null\nif [ $? != 0 ] ; then\n    # print error to STDERR\n    echo \"error: The sandbox is not in sync with the Podfile.lock. Run 'pod install' or update your CocoaPods installation.\" >&2\n    exit 1\nfi\n# This output is used by Xcode 'outputs' to avoid re-running this script phase.\necho \"SUCCESS\" > \"${SCRIPT_OUTPUT_FILE_0}\"\n";
			showEnvVarsInLog = 0;
		};
		F137FFBACD4E83F8B105E9C4 /* [CP] Check Pods Manifest.lock */ = {
			isa = PBXShellScriptBuildPhase;
			buildActionMask = 2147483647;
			files = (
			);
			inputFileListPaths = (
			);
			inputPaths = (
				"${PODS_PODFILE_DIR_PATH}/Podfile.lock",
				"${PODS_ROOT}/Manifest.lock",
			);
			name = "[CP] Check Pods Manifest.lock";
			outputFileListPaths = (
			);
			outputPaths = (
				"$(DERIVED_FILE_DIR)/Pods-WHXMLDemo-checkManifestLockResult.txt",
			);
			runOnlyForDeploymentPostprocessing = 0;
			shellPath = /bin/sh;
			shellScript = "diff \"${PODS_PODFILE_DIR_PATH}/Podfile.lock\" \"${PODS_ROOT}/Manifest.lock\" > /dev/null\nif [ $? != 0 ] ; then\n    # print error to STDERR\n    echo \"error: The sandbox is not in sync with the Podfile.lock. Run 'pod install' or update your CocoaPods installation.\" >&2\n    exit 1\nfi\n# This output is used by Xcode 'outputs' to avoid re-running this script phase.\necho \"SUCCESS\" > \"${SCRIPT_OUTPUT_FILE_0}\"\n";
			showEnvVarsInLog = 0;
		};
/* End PBXShellScriptBuildPhase section */

/* Begin PBXSourcesBuildPhase section */
		DA3D3029223206320048F82E /* Sources */ = {
			isa = PBXSourcesBuildPhase;
			buildActionMask = 2147483647;
			files = (
				DA3D3035223206320048F82E /* ViewController.m in Sources */,
				DA3D3040223206330048F82E /* main.m in Sources */,
				DA3D3032223206320048F82E /* AppDelegate.m in Sources */,
				DA3D3065223211390048F82E /* WHQuestionnaireViewController.m in Sources */,
			);
			runOnlyForDeploymentPostprocessing = 0;
		};
		DA3D3041223206330048F82E /* Sources */ = {
			isa = PBXSourcesBuildPhase;
			buildActionMask = 2147483647;
			files = (
				DA3D304A223206330048F82E /* WHXMLDemoTests.m in Sources */,
			);
			runOnlyForDeploymentPostprocessing = 0;
		};
		DA3D304C223206340048F82E /* Sources */ = {
			isa = PBXSourcesBuildPhase;
			buildActionMask = 2147483647;
			files = (
				DA3D3055223206340048F82E /* WHXMLDemoUITests.m in Sources */,
			);
			runOnlyForDeploymentPostprocessing = 0;
		};
/* End PBXSourcesBuildPhase section */

/* Begin PBXTargetDependency section */
		DA3D3047223206330048F82E /* PBXTargetDependency */ = {
			isa = PBXTargetDependency;
			target = DA3D302C223206320048F82E /* WHXMLDemo */;
			targetProxy = DA3D3046223206330048F82E /* PBXContainerItemProxy */;
		};
		DA3D3052223206340048F82E /* PBXTargetDependency */ = {
			isa = PBXTargetDependency;
			target = DA3D302C223206320048F82E /* WHXMLDemo */;
			targetProxy = DA3D3051223206340048F82E /* PBXContainerItemProxy */;
		};
/* End PBXTargetDependency section */

/* Begin PBXVariantGroup section */
		DA3D3036223206320048F82E /* Main.storyboard */ = {
			isa = PBXVariantGroup;
			children = (
				DA3D3037223206320048F82E /* Base */,
			);
			name = Main.storyboard;
			sourceTree = "<group>";
		};
		DA3D303B223206330048F82E /* LaunchScreen.storyboard */ = {
			isa = PBXVariantGroup;
			children = (
				DA3D303C223206330048F82E /* Base */,
			);
			name = LaunchScreen.storyboard;
			sourceTree = "<group>";
		};
/* End PBXVariantGroup section */

/* Begin XCBuildConfiguration section */
		DA3D3057223206340048F82E /* Debug */ = {
			isa = XCBuildConfiguration;
			buildSettings = {
				ALWAYS_SEARCH_USER_PATHS = NO;
				CLANG_ANALYZER_NONNULL = YES;
				CLANG_ANALYZER_NUMBER_OBJECT_CONVERSION = YES_AGGRESSIVE;
				CLANG_CXX_LANGUAGE_STANDARD = "gnu++14";
				CLANG_CXX_LIBRARY = "libc++";
				CLANG_ENABLE_MODULES = YES;
				CLANG_ENABLE_OBJC_ARC = YES;
				CLANG_ENABLE_OBJC_WEAK = YES;
				CLANG_WARN_BLOCK_CAPTURE_AUTORELEASING = YES;
				CLANG_WARN_BOOL_CONVERSION = YES;
				CLANG_WARN_COMMA = YES;
				CLANG_WARN_CONSTANT_CONVERSION = YES;
				CLANG_WARN_DEPRECATED_OBJC_IMPLEMENTATIONS = YES;
				CLANG_WARN_DIRECT_OBJC_ISA_USAGE = YES_ERROR;
				CLANG_WARN_DOCUMENTATION_COMMENTS = YES;
				CLANG_WARN_EMPTY_BODY = YES;
				CLANG_WARN_ENUM_CONVERSION = YES;
				CLANG_WARN_INFINITE_RECURSION = YES;
				CLANG_WARN_INT_CONVERSION = YES;
				CLANG_WARN_NON_LITERAL_NULL_CONVERSION = YES;
				CLANG_WARN_OBJC_IMPLICIT_RETAIN_SELF = YES;
				CLANG_WARN_OBJC_LITERAL_CONVERSION = YES;
				CLANG_WARN_OBJC_ROOT_CLASS = YES_ERROR;
				CLANG_WARN_RANGE_LOOP_ANALYSIS = YES;
				CLANG_WARN_STRICT_PROTOTYPES = YES;
				CLANG_WARN_SUSPICIOUS_MOVE = YES;
				CLANG_WARN_UNGUARDED_AVAILABILITY = YES_AGGRESSIVE;
				CLANG_WARN_UNREACHABLE_CODE = YES;
				CLANG_WARN__DUPLICATE_METHOD_MATCH = YES;
				CODE_SIGN_IDENTITY = "iPhone Developer";
				COPY_PHASE_STRIP = NO;
				DEBUG_INFORMATION_FORMAT = dwarf;
				ENABLE_STRICT_OBJC_MSGSEND = YES;
				ENABLE_TESTABILITY = YES;
				GCC_C_LANGUAGE_STANDARD = gnu11;
				GCC_DYNAMIC_NO_PIC = NO;
				GCC_NO_COMMON_BLOCKS = YES;
				GCC_OPTIMIZATION_LEVEL = 0;
				GCC_PREPROCESSOR_DEFINITIONS = (
					"DEBUG=1",
					"$(inherited)",
				);
				GCC_WARN_64_TO_32_BIT_CONVERSION = YES;
				GCC_WARN_ABOUT_RETURN_TYPE = YES_ERROR;
				GCC_WARN_UNDECLARED_SELECTOR = YES;
				GCC_WARN_UNINITIALIZED_AUTOS = YES_AGGRESSIVE;
				GCC_WARN_UNUSED_FUNCTION = YES;
				GCC_WARN_UNUSED_VARIABLE = YES;
				IPHONEOS_DEPLOYMENT_TARGET = 12.1;
				MTL_ENABLE_DEBUG_INFO = INCLUDE_SOURCE;
				MTL_FAST_MATH = YES;
				ONLY_ACTIVE_ARCH = YES;
				SDKROOT = iphoneos;
			};
			name = Debug;
		};
		DA3D3058223206340048F82E /* Release */ = {
			isa = XCBuildConfiguration;
			buildSettings = {
				ALWAYS_SEARCH_USER_PATHS = NO;
				CLANG_ANALYZER_NONNULL = YES;
				CLANG_ANALYZER_NUMBER_OBJECT_CONVERSION = YES_AGGRESSIVE;
				CLANG_CXX_LANGUAGE_STANDARD = "gnu++14";
				CLANG_CXX_LIBRARY = "libc++";
				CLANG_ENABLE_MODULES = YES;
				CLANG_ENABLE_OBJC_ARC = YES;
				CLANG_ENABLE_OBJC_WEAK = YES;
				CLANG_WARN_BLOCK_CAPTURE_AUTORELEASING = YES;
				CLANG_WARN_BOOL_CONVERSION = YES;
				CLANG_WARN_COMMA = YES;
				CLANG_WARN_CONSTANT_CONVERSION = YES;
				CLANG_WARN_DEPRECATED_OBJC_IMPLEMENTATIONS = YES;
				CLANG_WARN_DIRECT_OBJC_ISA_USAGE = YES_ERROR;
				CLANG_WARN_DOCUMENTATION_COMMENTS = YES;
				CLANG_WARN_EMPTY_BODY = YES;
				CLANG_WARN_ENUM_CONVERSION = YES;
				CLANG_WARN_INFINITE_RECURSION = YES;
				CLANG_WARN_INT_CONVERSION = YES;
				CLANG_WARN_NON_LITERAL_NULL_CONVERSION = YES;
				CLANG_WARN_OBJC_IMPLICIT_RETAIN_SELF = YES;
				CLANG_WARN_OBJC_LITERAL_CONVERSION = YES;
				CLANG_WARN_OBJC_ROOT_CLASS = YES_ERROR;
				CLANG_WARN_RANGE_LOOP_ANALYSIS = YES;
				CLANG_WARN_STRICT_PROTOTYPES = YES;
				CLANG_WARN_SUSPICIOUS_MOVE = YES;
				CLANG_WARN_UNGUARDED_AVAILABILITY = YES_AGGRESSIVE;
				CLANG_WARN_UNREACHABLE_CODE = YES;
				CLANG_WARN__DUPLICATE_METHOD_MATCH = YES;
				CODE_SIGN_IDENTITY = "iPhone Developer";
				COPY_PHASE_STRIP = NO;
				DEBUG_INFORMATION_FORMAT = "dwarf-with-dsym";
				ENABLE_NS_ASSERTIONS = NO;
				ENABLE_STRICT_OBJC_MSGSEND = YES;
				GCC_C_LANGUAGE_STANDARD = gnu11;
				GCC_NO_COMMON_BLOCKS = YES;
				GCC_WARN_64_TO_32_BIT_CONVERSION = YES;
				GCC_WARN_ABOUT_RETURN_TYPE = YES_ERROR;
				GCC_WARN_UNDECLARED_SELECTOR = YES;
				GCC_WARN_UNINITIALIZED_AUTOS = YES_AGGRESSIVE;
				GCC_WARN_UNUSED_FUNCTION = YES;
				GCC_WARN_UNUSED_VARIABLE = YES;
				IPHONEOS_DEPLOYMENT_TARGET = 12.1;
				MTL_ENABLE_DEBUG_INFO = NO;
				MTL_FAST_MATH = YES;
				SDKROOT = iphoneos;
				VALIDATE_PRODUCT = YES;
			};
			name = Release;
		};
		DA3D305A223206340048F82E /* Debug */ = {
			isa = XCBuildConfiguration;
			baseConfigurationReference = C5A377D57970A4B209FF74BD /* Pods-WHXMLDemo.debug.xcconfig */;
			buildSettings = {
				ASSETCATALOG_COMPILER_APPICON_NAME = AppIcon;
				CODE_SIGN_STYLE = Automatic;
				DEVELOPMENT_TEAM = 3R788RJA8X;
				INFOPLIST_FILE = WHXMLDemo/Info.plist;
				IPHONEOS_DEPLOYMENT_TARGET = 9.0;
				LD_RUNPATH_SEARCH_PATHS = (
					"$(inherited)",
					"@executable_path/Frameworks",
				);
				PRODUCT_BUNDLE_IDENTIFIER = www.zero.WHXMLDemo;
				PRODUCT_NAME = "$(TARGET_NAME)";
				TARGETED_DEVICE_FAMILY = "1,2";
			};
			name = Debug;
		};
		DA3D305B223206340048F82E /* Release */ = {
			isa = XCBuildConfiguration;
			baseConfigurationReference = 4287A604E0D55DCAE52B23B6 /* Pods-WHXMLDemo.release.xcconfig */;
			buildSettings = {
				ASSETCATALOG_COMPILER_APPICON_NAME = AppIcon;
				CODE_SIGN_STYLE = Automatic;
				DEVELOPMENT_TEAM = 3R788RJA8X;
				INFOPLIST_FILE = WHXMLDemo/Info.plist;
				IPHONEOS_DEPLOYMENT_TARGET = 9.0;
				LD_RUNPATH_SEARCH_PATHS = (
					"$(inherited)",
					"@executable_path/Frameworks",
				);
				PRODUCT_BUNDLE_IDENTIFIER = www.zero.WHXMLDemo;
				PRODUCT_NAME = "$(TARGET_NAME)";
				TARGETED_DEVICE_FAMILY = "1,2";
			};
			name = Release;
		};
		DA3D305D223206340048F82E /* Debug */ = {
			isa = XCBuildConfiguration;
			baseConfigurationReference = 93D58299D4C134D96014A562 /* Pods-WHXMLDemoTests.debug.xcconfig */;
			buildSettings = {
				BUNDLE_LOADER = "$(TEST_HOST)";
				CODE_SIGN_STYLE = Automatic;
				DEVELOPMENT_TEAM = 3R788RJA8X;
				INFOPLIST_FILE = WHXMLDemoTests/Info.plist;
				LD_RUNPATH_SEARCH_PATHS = (
					"$(inherited)",
					"@executable_path/Frameworks",
					"@loader_path/Frameworks",
				);
				PRODUCT_BUNDLE_IDENTIFIER = www.zero.WHXMLDemoTests;
				PRODUCT_NAME = "$(TARGET_NAME)";
				TARGETED_DEVICE_FAMILY = "1,2";
				TEST_HOST = "$(BUILT_PRODUCTS_DIR)/WHXMLDemo.app/WHXMLDemo";
			};
			name = Debug;
		};
		DA3D305E223206340048F82E /* Release */ = {
			isa = XCBuildConfiguration;
			baseConfigurationReference = B775516FFB94E2FDDBFF746E /* Pods-WHXMLDemoTests.release.xcconfig */;
			buildSettings = {
				BUNDLE_LOADER = "$(TEST_HOST)";
				CODE_SIGN_STYLE = Automatic;
				DEVELOPMENT_TEAM = 3R788RJA8X;
				INFOPLIST_FILE = WHXMLDemoTests/Info.plist;
				LD_RUNPATH_SEARCH_PATHS = (
					"$(inherited)",
					"@executable_path/Frameworks",
					"@loader_path/Frameworks",
				);
				PRODUCT_BUNDLE_IDENTIFIER = www.zero.WHXMLDemoTests;
				PRODUCT_NAME = "$(TARGET_NAME)";
				TARGETED_DEVICE_FAMILY = "1,2";
				TEST_HOST = "$(BUILT_PRODUCTS_DIR)/WHXMLDemo.app/WHXMLDemo";
			};
			name = Release;
		};
		DA3D3060223206340048F82E /* Debug */ = {
			isa = XCBuildConfiguration;
			baseConfigurationReference = 50761BAABA9006165FFD51B1 /* Pods-WHXMLDemoUITests.debug.xcconfig */;
			buildSettings = {
				CODE_SIGN_STYLE = Automatic;
				DEVELOPMENT_TEAM = 3R788RJA8X;
				INFOPLIST_FILE = WHXMLDemoUITests/Info.plist;
				LD_RUNPATH_SEARCH_PATHS = (
					"$(inherited)",
					"@executable_path/Frameworks",
					"@loader_path/Frameworks",
				);
				PRODUCT_BUNDLE_IDENTIFIER = www.zero.WHXMLDemoUITests;
				PRODUCT_NAME = "$(TARGET_NAME)";
				TARGETED_DEVICE_FAMILY = "1,2";
				TEST_TARGET_NAME = WHXMLDemo;
			};
			name = Debug;
		};
		DA3D3061223206340048F82E /* Release */ = {
			isa = XCBuildConfiguration;
			baseConfigurationReference = A9516F502F7752899AB86197 /* Pods-WHXMLDemoUITests.release.xcconfig */;
			buildSettings = {
				CODE_SIGN_STYLE = Automatic;
				DEVELOPMENT_TEAM = 3R788RJA8X;
				INFOPLIST_FILE = WHXMLDemoUITests/Info.plist;
				LD_RUNPATH_SEARCH_PATHS = (
					"$(inherited)",
					"@executable_path/Frameworks",
					"@loader_path/Frameworks",
				);
				PRODUCT_BUNDLE_IDENTIFIER = www.zero.WHXMLDemoUITests;
				PRODUCT_NAME = "$(TARGET_NAME)";
				TARGETED_DEVICE_FAMILY = "1,2";
				TEST_TARGET_NAME = WHXMLDemo;
			};
			name = Release;
		};
/* End XCBuildConfiguration section */

/* Begin XCConfigurationList section */
		DA3D3028223206320048F82E /* Build configuration list for PBXProject "WHXMLDemo" */ = {
			isa = XCConfigurationList;
			buildConfigurations = (
				DA3D3057223206340048F82E /* Debug */,
				DA3D3058223206340048F82E /* Release */,
			);
			defaultConfigurationIsVisible = 0;
			defaultConfigurationName = Release;
		};
		DA3D3059223206340048F82E /* Build configuration list for PBXNativeTarget "WHXMLDemo" */ = {
			isa = XCConfigurationList;
			buildConfigurations = (
				DA3D305A223206340048F82E /* Debug */,
				DA3D305B223206340048F82E /* Release */,
			);
			defaultConfigurationIsVisible = 0;
			defaultConfigurationName = Release;
		};
		DA3D305C223206340048F82E /* Build configuration list for PBXNativeTarget "WHXMLDemoTests" */ = {
			isa = XCConfigurationList;
			buildConfigurations = (
				DA3D305D223206340048F82E /* Debug */,
				DA3D305E223206340048F82E /* Release */,
			);
			defaultConfigurationIsVisible = 0;
			defaultConfigurationName = Release;
		};
		DA3D305F223206340048F82E /* Build configuration list for PBXNativeTarget "WHXMLDemoUITests" */ = {
			isa = XCConfigurationList;
			buildConfigurations = (
				DA3D3060223206340048F82E /* Debug */,
				DA3D3061223206340048F82E /* Release */,
			);
			defaultConfigurationIsVisible = 0;
			defaultConfigurationName = Release;
		};
/* End XCConfigurationList section */
	};
	rootObject = DA3D3025223206320048F82E /* Project object */;
}
